
Microsoft Visual Studio Solution File, Format Version 12.00
# Visual Studio Version 17
VisualStudioVersion = 17.1.32407.343
MinimumVisualStudioVersion = 10.0.40219.1
Project("{8BC9CEB8-8B4A-11D0-8D11-00A0C91BC942}") = "Herring_Lab06", "Herring_Lab06.vcxproj", "{A5B48A24-3692-479C-84DD-B50DB6386B5B}"
EndProject
Global
	GlobalSection(SolutionConfigurationPlatforms) = preSolution
		Debug|x64 = Debug|x64
		Debug|x86 = Debug|x86
		Release|x64 = Release|x64
		Release|x86 = Release|x86
	EndGlobalSection
	GlobalSection(ProjectConfigurationPlatforms) = postSolution
		{A5B48A24-3692-479C-84DD-B50DB6386B5B}.Debug|x64.ActiveCfg = Debug|x64
		{A5B48A24-3692-479C-84DD-B50DB6386B5B}.Debug|x64.Build.0 = Debug|x64
		{A5B48A24-3692-479C-84DD-B50DB6386B5B}.Debug|x86.ActiveCfg = Debug|Win32
		{A5B48A24-3692-479C-84DD-B50DB6386B5B}.Debug|x86.Build.0 = Debug|Win32
		{A5B48A24-3692-479C-84DD-B50DB6386B5B}.Release|x64.ActiveCfg = Release|x64
		{A5B48A24-3692-479C-84DD-B50DB6386B5B}.Release|x64.Build.0 = Release|x64
		{A5B48A24-3692-479C-84DD-B50DB6386B5B}.Release|x86.ActiveCfg = Release|Win32
		{A5B48A24-3692-479C-84DD-B50DB6386B5B}.Release|x86.Build.0 = Release|Win32
	EndGlobalSection
	GlobalSection(SolutionProperties) = preSolution
		HideSolutionNode = FALSE
	EndGlobalSection
	GlobalSection(ExtensibilityGlobals) = postSolution
		SolutionGuid = {09CC25E1-CC7B-49B9-B84A-18131D3898DF}
	EndGlobalSection
EndGlobal
